
Microsoft Visual Studio Solution File, Format Version 12.00
# Visual Studio 15
VisualStudioVersion = 15.0.26430.14
MinimumVisualStudioVersion = 10.0.40219.1
Project("{FAE04EC0-301F-11D3-BF4B-00C04F79EFBC}") = "BombTest", "BombTest\BombTest.csproj", "{472EFF50-89C4-4CB7-82F9-4538624EE752}"
EndProject
Global
	GlobalSection(SolutionConfigurationPlatforms) = preSolution
		Debug|Any CPU = Debug|Any CPU
		Release|Any CPU = Release|Any CPU
	EndGlobalSection
	GlobalSection(ProjectConfigurationPlatforms) = postSolution
		{472EFF50-89C4-4CB7-82F9-4538624EE752}.Debug|Any CPU.ActiveCfg = Debug|Any CPU
		{472EFF50-89C4-4CB7-82F9-4538624EE752}.Debug|Any CPU.Build.0 = Debug|Any CPU
		{472EFF50-89C4-4CB7-82F9-4538624EE752}.Release|Any CPU.ActiveCfg = Release|Any CPU
		{472EFF50-89C4-4CB7-82F9-4538624EE752}.Release|Any CPU.Build.0 = Release|Any CPU
	EndGlobalSection
	GlobalSection(SolutionProperties) = preSolution
		HideSolutionNode = FALSE
	EndGlobalSection
EndGlobal
